
Microsoft Visual Studio Solution File, Format Version 12.00
# Visual Studio Version 16
VisualStudioVersion = 16.0.31624.102
MinimumVisualStudioVersion = 10.0.40219.1
Project("{2150E333-8FDC-42A3-9474-1A3956D46DE8}") = "src", "src", "{A47BA4B0-E37E-4870-B334-820D86FD593C}"
EndProject
Project("{2150E333-8FDC-42A3-9474-1A3956D46DE8}") = "samples", "samples", "{9BA3165A-0136-4D67-8D96-7987B5ECBF44}"
EndProject
Project("{2150E333-8FDC-42A3-9474-1A3956D46DE8}") = "Solution Items", "Solution Items", "{88917990-5183-4F32-8114-4F9AE5F0512D}"
	ProjectSection(SolutionItems) = preProject
		.editorconfig = .editorconfig
		.gitattributes = .gitattributes
		.gitignore = .gitignore
		dependencies.props = dependencies.props
		Directory.Build.props = Directory.Build.props
		global.json = global.json
		README.md = README.md
	EndProjectSection
EndProject
Project("{9A19103F-16F7-4668-BE54-9A1E7A4F7556}") = "Magic.AutoMapper", "src\Magic.AutoMapper\Magic.AutoMapper.csproj", "{16A07591-D425-47AB-95C4-B808FBC13567}"
EndProject
Project("{9A19103F-16F7-4668-BE54-9A1E7A4F7556}") = "Magic.AutoMapper.Extensions.Microsoft.DependencyInjection", "src\Magic.AutoMapper.Extensions.Microsoft.DependencyInjection\Magic.AutoMapper.Extensions.Microsoft.DependencyInjection.csproj", "{A691AC1A-6AC1-4D8A-96C5-6DEBE266C2CD}"
EndProject
Project("{2150E333-8FDC-42A3-9474-1A3956D46DE8}") = "test", "test", "{CEBDBAF4-A92D-4C66-BF2D-B13DCBEC7867}"
EndProject
Project("{9A19103F-16F7-4668-BE54-9A1E7A4F7556}") = "ConsoleAppSample", "samples\ConsoleAppSample\ConsoleAppSample.csproj", "{3E24F2F5-4EE6-43A1-BF5A-1E15B3EE8822}"
EndProject
Project("{9A19103F-16F7-4668-BE54-9A1E7A4F7556}") = "Magic.AutoMapper.UnitTest", "tests\Magic.AutoMapper.UnitTest\Magic.AutoMapper.UnitTest.csproj", "{A5A54344-8BA3-4A22-BF80-4EDE3E38F395}"
EndProject
Project("{9A19103F-16F7-4668-BE54-9A1E7A4F7556}") = "Magic.AutoMapper.Extensions.Microsoft.DependencyInjection.UnitTest", "tests\Magic.AutoMapper.Extensions.Microsoft.DependencyInjection.UnitTest\Magic.AutoMapper.Extensions.Microsoft.DependencyInjection.UnitTest.csproj", "{108B0BBA-A8AC-4F2F-B14B-D624BBBC3608}"
EndProject
Project("{FAE04EC0-301F-11D3-BF4B-00C04F79EFBC}") = "WebApplication", "samples\WebApplication\WebApplication.csproj", "{7AC68FEB-9527-4274-A545-365CB08D5D81}"
EndProject
Global
	GlobalSection(SolutionConfigurationPlatforms) = preSolution
		Debug|Any CPU = Debug|Any CPU
		Release|Any CPU = Release|Any CPU
	EndGlobalSection
	GlobalSection(ProjectConfigurationPlatforms) = postSolution
		{16A07591-D425-47AB-95C4-B808FBC13567}.Debug|Any CPU.ActiveCfg = Debug|Any CPU
		{16A07591-D425-47AB-95C4-B808FBC13567}.Debug|Any CPU.Build.0 = Debug|Any CPU
		{16A07591-D425-47AB-95C4-B808FBC13567}.Release|Any CPU.ActiveCfg = Release|Any CPU
		{16A07591-D425-47AB-95C4-B808FBC13567}.Release|Any CPU.Build.0 = Release|Any CPU
		{A691AC1A-6AC1-4D8A-96C5-6DEBE266C2CD}.Debug|Any CPU.ActiveCfg = Debug|Any CPU
		{A691AC1A-6AC1-4D8A-96C5-6DEBE266C2CD}.Debug|Any CPU.Build.0 = Debug|Any CPU
		{A691AC1A-6AC1-4D8A-96C5-6DEBE266C2CD}.Release|Any CPU.ActiveCfg = Release|Any CPU
		{A691AC1A-6AC1-4D8A-96C5-6DEBE266C2CD}.Release|Any CPU.Build.0 = Release|Any CPU
		{3E24F2F5-4EE6-43A1-BF5A-1E15B3EE8822}.Debug|Any CPU.ActiveCfg = Debug|Any CPU
		{3E24F2F5-4EE6-43A1-BF5A-1E15B3EE8822}.Debug|Any CPU.Build.0 = Debug|Any CPU
		{3E24F2F5-4EE6-43A1-BF5A-1E15B3EE8822}.Release|Any CPU.ActiveCfg = Release|Any CPU
		{3E24F2F5-4EE6-43A1-BF5A-1E15B3EE8822}.Release|Any CPU.Build.0 = Release|Any CPU
		{A5A54344-8BA3-4A22-BF80-4EDE3E38F395}.Debug|Any CPU.ActiveCfg = Debug|Any CPU
		{A5A54344-8BA3-4A22-BF80-4EDE3E38F395}.Debug|Any CPU.Build.0 = Debug|Any CPU
		{A5A54344-8BA3-4A22-BF80-4EDE3E38F395}.Release|Any CPU.ActiveCfg = Release|Any CPU
		{A5A54344-8BA3-4A22-BF80-4EDE3E38F395}.Release|Any CPU.Build.0 = Release|Any CPU
		{108B0BBA-A8AC-4F2F-B14B-D624BBBC3608}.Debug|Any CPU.ActiveCfg = Debug|Any CPU
		{108B0BBA-A8AC-4F2F-B14B-D624BBBC3608}.Debug|Any CPU.Build.0 = Debug|Any CPU
		{108B0BBA-A8AC-4F2F-B14B-D624BBBC3608}.Release|Any CPU.ActiveCfg = Release|Any CPU
		{108B0BBA-A8AC-4F2F-B14B-D624BBBC3608}.Release|Any CPU.Build.0 = Release|Any CPU
		{7AC68FEB-9527-4274-A545-365CB08D5D81}.Debug|Any CPU.ActiveCfg = Debug|Any CPU
		{7AC68FEB-9527-4274-A545-365CB08D5D81}.Debug|Any CPU.Build.0 = Debug|Any CPU
		{7AC68FEB-9527-4274-A545-365CB08D5D81}.Release|Any CPU.ActiveCfg = Release|Any CPU
		{7AC68FEB-9527-4274-A545-365CB08D5D81}.Release|Any CPU.Build.0 = Release|Any CPU
	EndGlobalSection
	GlobalSection(SolutionProperties) = preSolution
		HideSolutionNode = FALSE
	EndGlobalSection
	GlobalSection(NestedProjects) = preSolution
		{16A07591-D425-47AB-95C4-B808FBC13567} = {A47BA4B0-E37E-4870-B334-820D86FD593C}
		{A691AC1A-6AC1-4D8A-96C5-6DEBE266C2CD} = {A47BA4B0-E37E-4870-B334-820D86FD593C}
		{3E24F2F5-4EE6-43A1-BF5A-1E15B3EE8822} = {9BA3165A-0136-4D67-8D96-7987B5ECBF44}
		{A5A54344-8BA3-4A22-BF80-4EDE3E38F395} = {CEBDBAF4-A92D-4C66-BF2D-B13DCBEC7867}
		{108B0BBA-A8AC-4F2F-B14B-D624BBBC3608} = {CEBDBAF4-A92D-4C66-BF2D-B13DCBEC7867}
		{7AC68FEB-9527-4274-A545-365CB08D5D81} = {9BA3165A-0136-4D67-8D96-7987B5ECBF44}
	EndGlobalSection
	GlobalSection(ExtensibilityGlobals) = postSolution
		SolutionGuid = {7207CAAC-7931-4367-A8F6-2F6C73975BB1}
	EndGlobalSection
EndGlobal
